
Microsoft Visual Studio Solution File, Format Version 12.00
# Visual Studio 15
Project("{FAE04EC0-301F-11D3-BF4B-00C04F79EFBC}") = "PlayFab", "PlayFab.csproj", "{E1ABE6CE-E1C9-61A7-BF52-13A0DE79F1CE}"
EndProject
Project("{FAE04EC0-301F-11D3-BF4B-00C04F79EFBC}") = "Assembly-CSharp", "Assembly-CSharp.csproj", "{A465F33A-B6F0-71D2-42A5-69D4E35706DC}"
EndProject
Project("{FAE04EC0-301F-11D3-BF4B-00C04F79EFBC}") = "PlayFabSDKEditor", "PlayFabSDKEditor.csproj", "{49B03996-87AD-A025-0E16-89D4500E37F3}"
EndProject
Global
	GlobalSection(SolutionConfigurationPlatforms) = preSolution
		Debug|Any CPU = Debug|Any CPU
		Release|Any CPU = Release|Any CPU
	EndGlobalSection
	GlobalSection(ProjectConfigurationPlatforms) = postSolution
		{E1ABE6CE-E1C9-61A7-BF52-13A0DE79F1CE}.Debug|Any CPU.ActiveCfg = Debug|Any CPU
		{E1ABE6CE-E1C9-61A7-BF52-13A0DE79F1CE}.Debug|Any CPU.Build.0 = Debug|Any CPU
		{E1ABE6CE-E1C9-61A7-BF52-13A0DE79F1CE}.Release|Any CPU.ActiveCfg = Release|Any CPU
		{E1ABE6CE-E1C9-61A7-BF52-13A0DE79F1CE}.Release|Any CPU.Build.0 = Release|Any CPU
		{A465F33A-B6F0-71D2-42A5-69D4E35706DC}.Debug|Any CPU.ActiveCfg = Debug|Any CPU
		{A465F33A-B6F0-71D2-42A5-69D4E35706DC}.Debug|Any CPU.Build.0 = Debug|Any CPU
		{A465F33A-B6F0-71D2-42A5-69D4E35706DC}.Release|Any CPU.ActiveCfg = Release|Any CPU
		{A465F33A-B6F0-71D2-42A5-69D4E35706DC}.Release|Any CPU.Build.0 = Release|Any CPU
		{49B03996-87AD-A025-0E16-89D4500E37F3}.Debug|Any CPU.ActiveCfg = Debug|Any CPU
		{49B03996-87AD-A025-0E16-89D4500E37F3}.Debug|Any CPU.Build.0 = Debug|Any CPU
		{49B03996-87AD-A025-0E16-89D4500E37F3}.Release|Any CPU.ActiveCfg = Release|Any CPU
		{49B03996-87AD-A025-0E16-89D4500E37F3}.Release|Any CPU.Build.0 = Release|Any CPU
	EndGlobalSection
	GlobalSection(SolutionProperties) = preSolution
		HideSolutionNode = FALSE
	EndGlobalSection
EndGlobal
